
Microsoft Visual Studio Solution File, Format Version 12.00
# Visual Studio Version 17
VisualStudioVersion = 17.8.34525.116
MinimumVisualStudioVersion = 10.0.40219.1
Project("{FAE04EC0-301F-11D3-BF4B-00C04F79EFBC}") = "MauiPrimeiroApp", "MauiPrimeiroApp\MauiPrimeiroApp.csproj", "{EF723204-9038-4F17-BD60-D1F2C8A97FC9}"
EndProject
Global
	GlobalSection(SolutionConfigurationPlatforms) = preSolution
		Debug|Any CPU = Debug|Any CPU
		Release|Any CPU = Release|Any CPU
	EndGlobalSection
	GlobalSection(ProjectConfigurationPlatforms) = postSolution
		{EF723204-9038-4F17-BD60-D1F2C8A97FC9}.Debug|Any CPU.ActiveCfg = Debug|Any CPU
		{EF723204-9038-4F17-BD60-D1F2C8A97FC9}.Debug|Any CPU.Build.0 = Debug|Any CPU
		{EF723204-9038-4F17-BD60-D1F2C8A97FC9}.Debug|Any CPU.Deploy.0 = Debug|Any CPU
		{EF723204-9038-4F17-BD60-D1F2C8A97FC9}.Release|Any CPU.ActiveCfg = Release|Any CPU
		{EF723204-9038-4F17-BD60-D1F2C8A97FC9}.Release|Any CPU.Build.0 = Release|Any CPU
		{EF723204-9038-4F17-BD60-D1F2C8A97FC9}.Release|Any CPU.Deploy.0 = Release|Any CPU
	EndGlobalSection
	GlobalSection(SolutionProperties) = preSolution
		HideSolutionNode = FALSE
	EndGlobalSection
	GlobalSection(ExtensibilityGlobals) = postSolution
		SolutionGuid = {65AE7268-B786-4F64-A1DE-7484CE7452A4}
	EndGlobalSection
EndGlobal
